
Microsoft Visual Studio Solution File, Format Version 12.00
# Visual Studio Version 16
VisualStudioVersion = 16.0.29926.136
MinimumVisualStudioVersion = 10.0.40219.1
Project("{FAE04EC0-301F-11D3-BF4B-00C04F79EFBC}") = "Proje_Ödev", "Proje_Ödev\Proje_Ödev.csproj", "{D9420118-1EF5-4935-AC49-5F27A0B124BD}"
EndProject
Global
	GlobalSection(SolutionConfigurationPlatforms) = preSolution
		Debug|Any CPU = Debug|Any CPU
		Release|Any CPU = Release|Any CPU
	EndGlobalSection
	GlobalSection(ProjectConfigurationPlatforms) = postSolution
		{D9420118-1EF5-4935-AC49-5F27A0B124BD}.Debug|Any CPU.ActiveCfg = Debug|Any CPU
		{D9420118-1EF5-4935-AC49-5F27A0B124BD}.Debug|Any CPU.Build.0 = Debug|Any CPU
		{D9420118-1EF5-4935-AC49-5F27A0B124BD}.Release|Any CPU.ActiveCfg = Release|Any CPU
		{D9420118-1EF5-4935-AC49-5F27A0B124BD}.Release|Any CPU.Build.0 = Release|Any CPU
	EndGlobalSection
	GlobalSection(SolutionProperties) = preSolution
		HideSolutionNode = FALSE
	EndGlobalSection
	GlobalSection(ExtensibilityGlobals) = postSolution
		SolutionGuid = {C7688419-9C0A-4BD1-BA81-D93DCD5A765C}
	EndGlobalSection
EndGlobal
